
Microsoft Visual Studio Solution File, Format Version 12.00
# Visual Studio Version 17
VisualStudioVersion = 17.14.36202.13 d17.14
MinimumVisualStudioVersion = 10.0.40219.1
Project("{FAE04EC0-301F-11D3-BF4B-00C04F79EFBC}") = "Garbage collection", "Garbage collection\Garbage collection.csproj", "{B56C8CF0-5512-458C-A6AA-C00797DE0C24}"
EndProject
Global
	GlobalSection(SolutionConfigurationPlatforms) = preSolution
		Debug|Any CPU = Debug|Any CPU
		Release|Any CPU = Release|Any CPU
	EndGlobalSection
	GlobalSection(ProjectConfigurationPlatforms) = postSolution
		{B56C8CF0-5512-458C-A6AA-C00797DE0C24}.Debug|Any CPU.ActiveCfg = Debug|Any CPU
		{B56C8CF0-5512-458C-A6AA-C00797DE0C24}.Debug|Any CPU.Build.0 = Debug|Any CPU
		{B56C8CF0-5512-458C-A6AA-C00797DE0C24}.Release|Any CPU.ActiveCfg = Release|Any CPU
		{B56C8CF0-5512-458C-A6AA-C00797DE0C24}.Release|Any CPU.Build.0 = Release|Any CPU
	EndGlobalSection
	GlobalSection(SolutionProperties) = preSolution
		HideSolutionNode = FALSE
	EndGlobalSection
	GlobalSection(ExtensibilityGlobals) = postSolution
		SolutionGuid = {1CF80F09-71A4-4DCF-A190-F09DB2F6EEB1}
	EndGlobalSection
EndGlobal
